
Microsoft Visual Studio Solution File, Format Version 11.00
# Visual Studio 2010
Project("{F184B08F-C81C-45F6-A57F-5ABD9991F28F}") = "Note Pad", "Note Pad\Note Pad.vbproj", "{54136C9F-FCDE-41C1-91BB-7E031EB464BA}"
EndProject
Global
	GlobalSection(SolutionConfigurationPlatforms) = preSolution
		Debug|x86 = Debug|x86
		Release|x86 = Release|x86
	EndGlobalSection
	GlobalSection(ProjectConfigurationPlatforms) = postSolution
		{54136C9F-FCDE-41C1-91BB-7E031EB464BA}.Debug|x86.ActiveCfg = Debug|x86
		{54136C9F-FCDE-41C1-91BB-7E031EB464BA}.Debug|x86.Build.0 = Debug|x86
		{54136C9F-FCDE-41C1-91BB-7E031EB464BA}.Release|x86.ActiveCfg = Release|x86
		{54136C9F-FCDE-41C1-91BB-7E031EB464BA}.Release|x86.Build.0 = Release|x86
	EndGlobalSection
	GlobalSection(SolutionProperties) = preSolution
		HideSolutionNode = FALSE
	EndGlobalSection
EndGlobal
